// !$*UTF8*$!
{
	archiveVersion = 1;
	classes = {
	};
	objectVersion = 46;
	objects = {

/* Begin PBXBuildFile section */
		6803DE9B1BDCA38800C4EDBC /* MainMenuViewController.swift in Sources */ = {isa = PBXBuildFile; fileRef = 6803DE9A1BDCA38800C4EDBC /* MainMenuViewController.swift */; settings = {ASSET_TAGS = (); }; };
		6803DE9D1BDCB72300C4EDBC /* Flicker.sks in Resources */ = {isa = PBXBuildFile; fileRef = 6803DE9C1BDCB72300C4EDBC /* Flicker.sks */; settings = {ASSET_TAGS = (); }; };
		680842CB1BDA7E710027CC31 /* Level_14.json in Resources */ = {isa = PBXBuildFile; fileRef = 680842CA1BDA7E710027CC31 /* Level_14.json */; settings = {ASSET_TAGS = (); }; };
		683223541BD96B3100383BC2 /* Level_11.json in Resources */ = {isa = PBXBuildFile; fileRef = 683223531BD96B3100383BC2 /* Level_11.json */; settings = {ASSET_TAGS = (); }; };
		683223561BD96D0800383BC2 /* Level_12.json in Resources */ = {isa = PBXBuildFile; fileRef = 683223551BD96D0800383BC2 /* Level_12.json */; settings = {ASSET_TAGS = (); }; };
		683AF6DD1BCC14E600DBCCBC /* AppDelegate.swift in Sources */ = {isa = PBXBuildFile; fileRef = 683AF6DC1BCC14E600DBCCBC /* AppDelegate.swift */; };
		683AF6DF1BCC14E600DBCCBC /* GameScene.sks in Resources */ = {isa = PBXBuildFile; fileRef = 683AF6DE1BCC14E600DBCCBC /* GameScene.sks */; };
		683AF6E11BCC14E600DBCCBC /* GameScene.swift in Sources */ = {isa = PBXBuildFile; fileRef = 683AF6E01BCC14E600DBCCBC /* GameScene.swift */; };
		683AF6E31BCC14E600DBCCBC /* GameViewController.swift in Sources */ = {isa = PBXBuildFile; fileRef = 683AF6E21BCC14E600DBCCBC /* GameViewController.swift */; };
		683AF6E61BCC14E600DBCCBC /* Main.storyboard in Resources */ = {isa = PBXBuildFile; fileRef = 683AF6E41BCC14E600DBCCBC /* Main.storyboard */; };
		683AF6E81BCC14E600DBCCBC /* Assets.xcassets in Resources */ = {isa = PBXBuildFile; fileRef = 683AF6E71BCC14E600DBCCBC /* Assets.xcassets */; };
		683AF6EB1BCC14E700DBCCBC /* LaunchScreen.storyboard in Resources */ = {isa = PBXBuildFile; fileRef = 683AF6E91BCC14E700DBCCBC /* LaunchScreen.storyboard */; };
		683AF6F61BCC14E700DBCCBC /* BlockThingTests.swift in Sources */ = {isa = PBXBuildFile; fileRef = 683AF6F51BCC14E700DBCCBC /* BlockThingTests.swift */; };
		683AF7011BCC14E700DBCCBC /* BlockThingUITests.swift in Sources */ = {isa = PBXBuildFile; fileRef = 683AF7001BCC14E700DBCCBC /* BlockThingUITests.swift */; };
		686C2C1C1BD54EE000993F63 /* DeathParticle.sks in Resources */ = {isa = PBXBuildFile; fileRef = 686C2C1B1BD54EE000993F63 /* DeathParticle.sks */; settings = {ASSET_TAGS = (); }; };
		686C2C201BD550E100993F63 /* spark.png in Resources */ = {isa = PBXBuildFile; fileRef = 686C2C1E1BD550E100993F63 /* spark.png */; settings = {ASSET_TAGS = (); }; };
		689214571BDA4B1C00D1CE02 /* PlayerServiceManager.swift in Sources */ = {isa = PBXBuildFile; fileRef = 689214561BDA4B1C00D1CE02 /* PlayerServiceManager.swift */; settings = {ASSET_TAGS = (); }; };
		689214591BDA4D0100D1CE02 /* MultiplayerPromptViewController.swift in Sources */ = {isa = PBXBuildFile; fileRef = 689214581BDA4D0100D1CE02 /* MultiplayerPromptViewController.swift */; settings = {ASSET_TAGS = (); }; };
		68A0659C1BCCA6F40080A28C /* Map.swift in Sources */ = {isa = PBXBuildFile; fileRef = 68A0659B1BCCA6F40080A28C /* Map.swift */; settings = {ASSET_TAGS = (); }; };
		68A0659E1BCCA79B0080A28C /* Array2D.swift in Sources */ = {isa = PBXBuildFile; fileRef = 68A0659D1BCCA79B0080A28C /* Array2D.swift */; settings = {ASSET_TAGS = (); }; };
		68A065A01BCCAF260080A28C /* Tile.swift in Sources */ = {isa = PBXBuildFile; fileRef = 68A0659F1BCCAF260080A28C /* Tile.swift */; settings = {ASSET_TAGS = (); }; };
		68A065A71BCCB57E0080A28C /* Level_0.json in Resources */ = {isa = PBXBuildFile; fileRef = 68A065A21BCCB57E0080A28C /* Level_0.json */; settings = {ASSET_TAGS = (); }; };
		68A065A81BCCB57E0080A28C /* Level_1.json in Resources */ = {isa = PBXBuildFile; fileRef = 68A065A31BCCB57E0080A28C /* Level_1.json */; settings = {ASSET_TAGS = (); }; };
		68A065A91BCCB57E0080A28C /* Level_2.json in Resources */ = {isa = PBXBuildFile; fileRef = 68A065A41BCCB57E0080A28C /* Level_2.json */; settings = {ASSET_TAGS = (); }; };
		68A065AA1BCCB57E0080A28C /* Level_3.json in Resources */ = {isa = PBXBuildFile; fileRef = 68A065A51BCCB57E0080A28C /* Level_3.json */; settings = {ASSET_TAGS = (); }; };
		68A065AB1BCCB57E0080A28C /* Level_4.json in Resources */ = {isa = PBXBuildFile; fileRef = 68A065A61BCCB57E0080A28C /* Level_4.json */; settings = {ASSET_TAGS = (); }; };
		68A065AD1BCCB5AA0080A28C /* Extensions.swift in Sources */ = {isa = PBXBuildFile; fileRef = 68A065AC1BCCB5AA0080A28C /* Extensions.swift */; settings = {ASSET_TAGS = (); }; };
		68A065AF1BCCE84C0080A28C /* Monster.swift in Sources */ = {isa = PBXBuildFile; fileRef = 68A065AE1BCCE84C0080A28C /* Monster.swift */; settings = {ASSET_TAGS = (); }; };
		68A065B11BCCEB170080A28C /* CircleMonster.swift in Sources */ = {isa = PBXBuildFile; fileRef = 68A065B01BCCEB170080A28C /* CircleMonster.swift */; settings = {ASSET_TAGS = (); }; };
		68A4ADC31BDE90C50011A688 /* Smoke.sks in Resources */ = {isa = PBXBuildFile; fileRef = 68A4ADC21BDE90C50011A688 /* Smoke.sks */; settings = {ASSET_TAGS = (); }; };
		68B232321BD38EF800DEB4F2 /* SpriteKit-Spring.swift in Sources */ = {isa = PBXBuildFile; fileRef = 68B232311BD38EF800DEB4F2 /* SpriteKit-Spring.swift */; settings = {ASSET_TAGS = (); }; };
		68D2CAC01BD97204008DAB5D /* Level_13.json in Resources */ = {isa = PBXBuildFile; fileRef = 68D2CABF1BD97204008DAB5D /* Level_13.json */; settings = {ASSET_TAGS = (); }; };
		68DB37871BCD045E00A7FB0A /* MoveMap.swift in Sources */ = {isa = PBXBuildFile; fileRef = 68DB37861BCD045E00A7FB0A /* MoveMap.swift */; settings = {ASSET_TAGS = (); }; };
		68DB37891BCE454900A7FB0A /* Door.swift in Sources */ = {isa = PBXBuildFile; fileRef = 68DB37881BCE454900A7FB0A /* Door.swift */; settings = {ASSET_TAGS = (); }; };
		9A9033FB1BCCE85B00D47C4B /* Hero.swift in Sources */ = {isa = PBXBuildFile; fileRef = 9A9033FA1BCCE85B00D47C4B /* Hero.swift */; settings = {ASSET_TAGS = (); }; };
		9A9033FD1BCE4D3C00D47C4B /* Level_5.json in Resources */ = {isa = PBXBuildFile; fileRef = 9A9033FC1BCE4D3C00D47C4B /* Level_5.json */; settings = {ASSET_TAGS = (); }; };
/* End PBXBuildFile section */

/* Begin PBXContainerItemProxy section */
		683AF6F21BCC14E700DBCCBC /* PBXContainerItemProxy */ = {
			isa = PBXContainerItemProxy;
			containerPortal = 683AF6D11BCC14E600DBCCBC /* Project object */;
			proxyType = 1;
			remoteGlobalIDString = 683AF6D81BCC14E600DBCCBC;
			remoteInfo = BlockThing;
		};
		683AF6FD1BCC14E700DBCCBC /* PBXContainerItemProxy */ = {
			isa = PBXContainerItemProxy;
			containerPortal = 683AF6D11BCC14E600DBCCBC /* Project object */;
			proxyType = 1;
			remoteGlobalIDString = 683AF6D81BCC14E600DBCCBC;
			remoteInfo = BlockThing;
		};
/* End PBXContainerItemProxy section */

/* Begin PBXFileReference section */
		6803DE9A1BDCA38800C4EDBC /* MainMenuViewController.swift */ = {isa = PBXFileReference; fileEncoding = 4; lastKnownFileType = sourcecode.swift; path = MainMenuViewController.swift; sourceTree = "<group>"; };
		6803DE9C1BDCB72300C4EDBC /* Flicker.sks */ = {isa = PBXFileReference; lastKnownFileType = file.sks; path = Flicker.sks; sourceTree = "<group>"; };
		680842CA1BDA7E710027CC31 /* Level_14.json */ = {isa = PBXFileReference; fileEncoding = 4; lastKnownFileType = text.json; path = Level_14.json; sourceTree = "<group>"; };
		683223531BD96B3100383BC2 /* Level_11.json */ = {isa = PBXFileReference; fileEncoding = 4; lastKnownFileType = text.json; path = Level_11.json; sourceTree = "<group>"; };
		683223551BD96D0800383BC2 /* Level_12.json */ = {isa = PBXFileReference; fileEncoding = 4; lastKnownFileType = text.json; path = Level_12.json; sourceTree = "<group>"; };
		683AF6D91BCC14E600DBCCBC /* Esqace.app */ = {isa = PBXFileReference; explicitFileType = wrapper.application; includeInIndex = 0; path = Esqace.app; sourceTree = BUILT_PRODUCTS_DIR; };
		683AF6DC1BCC14E600DBCCBC /* AppDelegate.swift */ = {isa = PBXFileReference; lastKnownFileType = sourcecode.swift; path = AppDelegate.swift; sourceTree = "<group>"; };
		683AF6DE1BCC14E600DBCCBC /* GameScene.sks */ = {isa = PBXFileReference; lastKnownFileType = file.sks; path = GameScene.sks; sourceTree = "<group>"; };
		683AF6E01BCC14E600DBCCBC /* GameScene.swift */ = {isa = PBXFileReference; lastKnownFileType = sourcecode.swift; path = GameScene.swift; sourceTree = "<group>"; };
		683AF6E21BCC14E600DBCCBC /* GameViewController.swift */ = {isa = PBXFileReference; lastKnownFileType = sourcecode.swift; path = GameViewController.swift; sourceTree = "<group>"; };
		683AF6E51BCC14E600DBCCBC /* Base */ = {isa = PBXFileReference; lastKnownFileType = file.storyboard; name = Base; path = Base.lproj/Main.storyboard; sourceTree = "<group>"; };
		683AF6E71BCC14E600DBCCBC /* Assets.xcassets */ = {isa = PBXFileReference; lastKnownFileType = folder.assetcatalog; path = Assets.xcassets; sourceTree = "<group>"; };
		683AF6EA1BCC14E700DBCCBC /* Base */ = {isa = PBXFileReference; lastKnownFileType = file.storyboard; name = Base; path = Base.lproj/LaunchScreen.storyboard; sourceTree = "<group>"; };
		683AF6EC1BCC14E700DBCCBC /* Info.plist */ = {isa = PBXFileReference; lastKnownFileType = text.plist.xml; path = Info.plist; sourceTree = "<group>"; };
		683AF6F11BCC14E700DBCCBC /* BlockThingTests.xctest */ = {isa = PBXFileReference; explicitFileType = wrapper.cfbundle; includeInIndex = 0; path = BlockThingTests.xctest; sourceTree = BUILT_PRODUCTS_DIR; };
		683AF6F51BCC14E700DBCCBC /* BlockThingTests.swift */ = {isa = PBXFileReference; lastKnownFileType = sourcecode.swift; path = BlockThingTests.swift; sourceTree = "<group>"; };
		683AF6F71BCC14E700DBCCBC /* Info.plist */ = {isa = PBXFileReference; lastKnownFileType = text.plist.xml; path = Info.plist; sourceTree = "<group>"; };
		683AF6FC1BCC14E700DBCCBC /* BlockThingUITests.xctest */ = {isa = PBXFileReference; explicitFileType = wrapper.cfbundle; includeInIndex = 0; path = BlockThingUITests.xctest; sourceTree = BUILT_PRODUCTS_DIR; };
		683AF7001BCC14E700DBCCBC /* BlockThingUITests.swift */ = {isa = PBXFileReference; lastKnownFileType = sourcecode.swift; path = BlockThingUITests.swift; sourceTree = "<group>"; };
		683AF7021BCC14E700DBCCBC /* Info.plist */ = {isa = PBXFileReference; lastKnownFileType = text.plist.xml; path = Info.plist; sourceTree = "<group>"; };
		686C2C1B1BD54EE000993F63 /* DeathParticle.sks */ = {isa = PBXFileReference; lastKnownFileType = file.sks; path = DeathParticle.sks; sourceTree = "<group>"; };
		686C2C1E1BD550E100993F63 /* spark.png */ = {isa = PBXFileReference; lastKnownFileType = image.png; path = spark.png; sourceTree = "<group>"; };
		689214561BDA4B1C00D1CE02 /* PlayerServiceManager.swift */ = {isa = PBXFileReference; fileEncoding = 4; lastKnownFileType = sourcecode.swift; path = PlayerServiceManager.swift; sourceTree = "<group>"; };
		689214581BDA4D0100D1CE02 /* MultiplayerPromptViewController.swift */ = {isa = PBXFileReference; fileEncoding = 4; lastKnownFileType = sourcecode.swift; path = MultiplayerPromptViewController.swift; sourceTree = "<group>"; };
		68A0659B1BCCA6F40080A28C /* Map.swift */ = {isa = PBXFileReference; fileEncoding = 4; lastKnownFileType = sourcecode.swift; path = Map.swift; sourceTree = "<group>"; };
		68A0659D1BCCA79B0080A28C /* Array2D.swift */ = {isa = PBXFileReference; fileEncoding = 4; lastKnownFileType = sourcecode.swift; path = Array2D.swift; sourceTree = "<group>"; };
		68A0659F1BCCAF260080A28C /* Tile.swift */ = {isa = PBXFileReference; fileEncoding = 4; lastKnownFileType = sourcecode.swift; path = Tile.swift; sourceTree = "<group>"; };
		68A065A21BCCB57E0080A28C /* Level_0.json */ = {isa = PBXFileReference; fileEncoding = 4; lastKnownFileType = text.json; path = Level_0.json; sourceTree = "<group>"; };
		68A065A31BCCB57E0080A28C /* Level_1.json */ = {isa = PBXFileReference; fileEncoding = 4; lastKnownFileType = text.json; path = Level_1.json; sourceTree = "<group>"; };
		68A065A41BCCB57E0080A28C /* Level_2.json */ = {isa = PBXFileReference; fileEncoding = 4; lastKnownFileType = text.json; path = Level_2.json; sourceTree = "<group>"; };
		68A065A51BCCB57E0080A28C /* Level_3.json */ = {isa = PBXFileReference; fileEncoding = 4; lastKnownFileType = text.json; path = Level_3.json; sourceTree = "<group>"; };
		68A065A61BCCB57E0080A28C /* Level_4.json */ = {isa = PBXFileReference; fileEncoding = 4; lastKnownFileType = text.json; path = Level_4.json; sourceTree = "<group>"; };
		68A065AC1BCCB5AA0080A28C /* Extensions.swift */ = {isa = PBXFileReference; fileEncoding = 4; lastKnownFileType = sourcecode.swift; path = Extensions.swift; sourceTree = "<group>"; };
		68A065AE1BCCE84C0080A28C /* Monster.swift */ = {isa = PBXFileReference; fileEncoding = 4; lastKnownFileType = sourcecode.swift; path = Monster.swift; sourceTree = "<group>"; };
		68A065B01BCCEB170080A28C /* CircleMonster.swift */ = {isa = PBXFileReference; fileEncoding = 4; lastKnownFileType = sourcecode.swift; path = CircleMonster.swift; sourceTree = "<group>"; };
		68A4ADC21BDE90C50011A688 /* Smoke.sks */ = {isa = PBXFileReference; lastKnownFileType = file.sks; path = Smoke.sks; sourceTree = "<group>"; };
		68B232311BD38EF800DEB4F2 /* SpriteKit-Spring.swift */ = {isa = PBXFileReference; fileEncoding = 4; lastKnownFileType = sourcecode.swift; path = "SpriteKit-Spring.swift"; sourceTree = "<group>"; };
		68D2CABF1BD97204008DAB5D /* Level_13.json */ = {isa = PBXFileReference; fileEncoding = 4; lastKnownFileType = text.json; path = Level_13.json; sourceTree = "<group>"; };
		68DB37861BCD045E00A7FB0A /* MoveMap.swift */ = {isa = PBXFileReference; fileEncoding = 4; lastKnownFileType = sourcecode.swift; path = MoveMap.swift; sourceTree = "<group>"; };
		68DB37881BCE454900A7FB0A /* Door.swift */ = {isa = PBXFileReference; fileEncoding = 4; lastKnownFileType = sourcecode.swift; path = Door.swift; sourceTree = "<group>"; };
		9A9033FA1BCCE85B00D47C4B /* Hero.swift */ = {isa = PBXFileReference; fileEncoding = 4; lastKnownFileType = sourcecode.swift; path = Hero.swift; sourceTree = "<group>"; };
		9A9033FC1BCE4D3C00D47C4B /* Level_5.json */ = {isa = PBXFileReference; fileEncoding = 4; lastKnownFileType = text.json; path = Level_5.json; sourceTree = "<group>"; };
/* End PBXFileReference section */

/* Begin PBXFrameworksBuildPhase section */
		683AF6D61BCC14E600DBCCBC /* Frameworks */ = {
			isa = PBXFrameworksBuildPhase;
			buildActionMask = 2147483647;
			files = (
			);
			runOnlyForDeploymentPostprocessing = 0;
		};
		683AF6EE1BCC14E700DBCCBC /* Frameworks */ = {
			isa = PBXFrameworksBuildPhase;
			buildActionMask = 2147483647;
			files = (
			);
			runOnlyForDeploymentPostprocessing = 0;
		};
		683AF6F91BCC14E700DBCCBC /* Frameworks */ = {
			isa = PBXFrameworksBuildPhase;
			buildActionMask = 2147483647;
			files = (
			);
			runOnlyForDeploymentPostprocessing = 0;
		};
/* End PBXFrameworksBuildPhase section */

/* Begin PBXGroup section */
		683AF6D01BCC14E600DBCCBC = {
			isa = PBXGroup;
			children = (
				68B232311BD38EF800DEB4F2 /* SpriteKit-Spring.swift */,
				689214531BDA4AF700D1CE02 /* Multi */,
				683AF6DB1BCC14E600DBCCBC /* BlockThing */,
				683AF6F41BCC14E700DBCCBC /* BlockThingTests */,
				683AF6FF1BCC14E700DBCCBC /* BlockThingUITests */,
				683AF6DA1BCC14E600DBCCBC /* Products */,
				68A065A11BCCB57E0080A28C /* Levels */,
			);
			sourceTree = "<group>";
		};
		683AF6DA1BCC14E600DBCCBC /* Products */ = {
			isa = PBXGroup;
			children = (
				683AF6D91BCC14E600DBCCBC /* Esqace.app */,
				683AF6F11BCC14E700DBCCBC /* BlockThingTests.xctest */,
				683AF6FC1BCC14E700DBCCBC /* BlockThingUITests.xctest */,
			);
			name = Products;
			sourceTree = "<group>";
		};
		683AF6DB1BCC14E600DBCCBC /* BlockThing */ = {
			isa = PBXGroup;
			children = (
				683AF6DC1BCC14E600DBCCBC /* AppDelegate.swift */,
				683AF6DE1BCC14E600DBCCBC /* GameScene.sks */,
				68A065AC1BCCB5AA0080A28C /* Extensions.swift */,
				683AF6E01BCC14E600DBCCBC /* GameScene.swift */,
				68A0659B1BCCA6F40080A28C /* Map.swift */,
				68DB37861BCD045E00A7FB0A /* MoveMap.swift */,
				9A9033FA1BCCE85B00D47C4B /* Hero.swift */,
				68A065AE1BCCE84C0080A28C /* Monster.swift */,
				68A0659F1BCCAF260080A28C /* Tile.swift */,
				68DB37881BCE454900A7FB0A /* Door.swift */,
				68A065B01BCCEB170080A28C /* CircleMonster.swift */,
				68A0659D1BCCA79B0080A28C /* Array2D.swift */,
				683AF6E21BCC14E600DBCCBC /* GameViewController.swift */,
				683AF6E41BCC14E600DBCCBC /* Main.storyboard */,
				689214581BDA4D0100D1CE02 /* MultiplayerPromptViewController.swift */,
				6803DE9A1BDCA38800C4EDBC /* MainMenuViewController.swift */,
				683AF6E71BCC14E600DBCCBC /* Assets.xcassets */,
				683AF6E91BCC14E700DBCCBC /* LaunchScreen.storyboard */,
				683AF6EC1BCC14E700DBCCBC /* Info.plist */,
				68A4ADC21BDE90C50011A688 /* Smoke.sks */,
				6803DE9C1BDCB72300C4EDBC /* Flicker.sks */,
				686C2C1B1BD54EE000993F63 /* DeathParticle.sks */,
				686C2C1E1BD550E100993F63 /* spark.png */,
			);
			path = BlockThing;
			sourceTree = "<group>";
		};
		683AF6F41BCC14E700DBCCBC /* BlockThingTests */ = {
			isa = PBXGroup;
			children = (
				683AF6F51BCC14E700DBCCBC /* BlockThingTests.swift */,
				683AF6F71BCC14E700DBCCBC /* Info.plist */,
			);
			path = BlockThingTests;
			sourceTree = "<group>";
		};
		683AF6FF1BCC14E700DBCCBC /* BlockThingUITests */ = {
			isa = PBXGroup;
			children = (
				683AF7001BCC14E700DBCCBC /* BlockThingUITests.swift */,
				683AF7021BCC14E700DBCCBC /* Info.plist */,
			);
			path = BlockThingUITests;
			sourceTree = "<group>";
		};
		689214531BDA4AF700D1CE02 /* Multi */ = {
			isa = PBXGroup;
			children = (
				689214561BDA4B1C00D1CE02 /* PlayerServiceManager.swift */,
			);
			name = Multi;
			sourceTree = "<group>";
		};
		68A065A11BCCB57E0080A28C /* Levels */ = {
			isa = PBXGroup;
			children = (
				68A065A21BCCB57E0080A28C /* Level_0.json */,
				68A065A31BCCB57E0080A28C /* Level_1.json */,
				68A065A41BCCB57E0080A28C /* Level_2.json */,
				68A065A51BCCB57E0080A28C /* Level_3.json */,
				68A065A61BCCB57E0080A28C /* Level_4.json */,
				9A9033FC1BCE4D3C00D47C4B /* Level_5.json */,
				683223531BD96B3100383BC2 /* Level_11.json */,
				683223551BD96D0800383BC2 /* Level_12.json */,
				680842CA1BDA7E710027CC31 /* Level_14.json */,
				68D2CABF1BD97204008DAB5D /* Level_13.json */,
			);
			path = Levels;
			sourceTree = "<group>";
		};
/* End PBXGroup section */

/* Begin PBXNativeTarget section */
		683AF6D81BCC14E600DBCCBC /* Esqace */ = {
			isa = PBXNativeTarget;
			buildConfigurationList = 683AF7051BCC14E700DBCCBC /* Build configuration list for PBXNativeTarget "Esqace" */;
			buildPhases = (
				683AF6D51BCC14E600DBCCBC /* Sources */,
				683AF6D61BCC14E600DBCCBC /* Frameworks */,
				683AF6D71BCC14E600DBCCBC /* Resources */,
			);
			buildRules = (
			);
			dependencies = (
			);
			name = Esqace;
			productName = BlockThing;
			productReference = 683AF6D91BCC14E600DBCCBC /* Esqace.app */;
			productType = "com.apple.product-type.application";
		};
		683AF6F01BCC14E700DBCCBC /* BlockThingTests */ = {
			isa = PBXNativeTarget;
			buildConfigurationList = 683AF7081BCC14E700DBCCBC /* Build configuration list for PBXNativeTarget "BlockThingTests" */;
			buildPhases = (
				683AF6ED1BCC14E700DBCCBC /* Sources */,
				683AF6EE1BCC14E700DBCCBC /* Frameworks */,
				683AF6EF1BCC14E700DBCCBC /* Resources */,
			);
			buildRules = (
			);
			dependencies = (
				683AF6F31BCC14E700DBCCBC /* PBXTargetDependency */,
			);
			name = BlockThingTests;
			productName = BlockThingTests;
			productReference = 683AF6F11BCC14E700DBCCBC /* BlockThingTests.xctest */;
			productType = "com.apple.product-type.bundle.unit-test";
		};
		683AF6FB1BCC14E700DBCCBC /* BlockThingUITests */ = {
			isa = PBXNativeTarget;
			buildConfigurationList = 683AF70B1BCC14E700DBCCBC /* Build configuration list for PBXNativeTarget "BlockThingUITests" */;
			buildPhases = (
				683AF6F81BCC14E700DBCCBC /* Sources */,
				683AF6F91BCC14E700DBCCBC /* Frameworks */,
				683AF6FA1BCC14E700DBCCBC /* Resources */,
			);
			buildRules = (
			);
			dependencies = (
				683AF6FE1BCC14E700DBCCBC /* PBXTargetDependency */,
			);
			name = BlockThingUITests;
			productName = BlockThingUITests;
			productReference = 683AF6FC1BCC14E700DBCCBC /* BlockThingUITests.xctest */;
			productType = "com.apple.product-type.bundle.ui-testing";
		};
/* End PBXNativeTarget section */

/* Begin PBXProject section */
		683AF6D11BCC14E600DBCCBC /* Project object */ = {
			isa = PBXProject;
			attributes = {
				LastUpgradeCheck = 0700;
				ORGANIZATIONNAME = confusians;
				TargetAttributes = {
					683AF6D81BCC14E600DBCCBC = {
						CreatedOnToolsVersion = 7.0.1;
					};
					683AF6F01BCC14E700DBCCBC = {
						CreatedOnToolsVersion = 7.0.1;
						TestTargetID = 683AF6D81BCC14E600DBCCBC;
					};
					683AF6FB1BCC14E700DBCCBC = {
						CreatedOnToolsVersion = 7.0.1;
						TestTargetID = 683AF6D81BCC14E600DBCCBC;
					};
				};
			};
			buildConfigurationList = 683AF6D41BCC14E600DBCCBC /* Build configuration list for PBXProject "BlockThing" */;
			compatibilityVersion = "Xcode 3.2";
			developmentRegion = English;
			hasScannedForEncodings = 0;
			knownRegions = (
				en,
				Base,
			);
			mainGroup = 683AF6D01BCC14E600DBCCBC;
			productRefGroup = 683AF6DA1BCC14E600DBCCBC /* Products */;
			projectDirPath = "";
			projectRoot = "";
			targets = (
				683AF6D81BCC14E600DBCCBC /* Esqace */,
				683AF6F01BCC14E700DBCCBC /* BlockThingTests */,
				683AF6FB1BCC14E700DBCCBC /* BlockThingUITests */,
			);
		};
/* End PBXProject section */

/* Begin PBXResourcesBuildPhase section */
		683AF6D71BCC14E600DBCCBC /* Resources */ = {
			isa = PBXResourcesBuildPhase;
			buildActionMask = 2147483647;
			files = (
				6803DE9D1BDCB72300C4EDBC /* Flicker.sks in Resources */,
				683AF6DF1BCC14E600DBCCBC /* GameScene.sks in Resources */,
				680842CB1BDA7E710027CC31 /* Level_14.json in Resources */,
				68A065AB1BCCB57E0080A28C /* Level_4.json in Resources */,
				68D2CAC01BD97204008DAB5D /* Level_13.json in Resources */,
				68A065A91BCCB57E0080A28C /* Level_2.json in Resources */,
				68A065A71BCCB57E0080A28C /* Level_0.json in Resources */,
				683AF6EB1BCC14E700DBCCBC /* LaunchScreen.storyboard in Resources */,
				686C2C201BD550E100993F63 /* spark.png in Resources */,
				683AF6E81BCC14E600DBCCBC /* Assets.xcassets in Resources */,
				9A9033FD1BCE4D3C00D47C4B /* Level_5.json in Resources */,
				68A065A81BCCB57E0080A28C /* Level_1.json in Resources */,
				68A065AA1BCCB57E0080A28C /* Level_3.json in Resources */,
				686C2C1C1BD54EE000993F63 /* DeathParticle.sks in Resources */,
				683223541BD96B3100383BC2 /* Level_11.json in Resources */,
				683AF6E61BCC14E600DBCCBC /* Main.storyboard in Resources */,
				683223561BD96D0800383BC2 /* Level_12.json in Resources */,
				68A4ADC31BDE90C50011A688 /* Smoke.sks in Resources */,
			);
			runOnlyForDeploymentPostprocessing = 0;
		};
		683AF6EF1BCC14E700DBCCBC /* Resources */ = {
			isa = PBXResourcesBuildPhase;
			buildActionMask = 2147483647;
			files = (
			);
			runOnlyForDeploymentPostprocessing = 0;
		};
		683AF6FA1BCC14E700DBCCBC /* Resources */ = {
			isa = PBXResourcesBuildPhase;
			buildActionMask = 2147483647;
			files = (
			);
			runOnlyForDeploymentPostprocessing = 0;
		};
/* End PBXResourcesBuildPhase section */

/* Begin PBXSourcesBuildPhase section */
		683AF6D51BCC14E600DBCCBC /* Sources */ = {
			isa = PBXSourcesBuildPhase;
			buildActionMask = 2147483647;
			files = (
				6803DE9B1BDCA38800C4EDBC /* MainMenuViewController.swift in Sources */,
				68A065B11BCCEB170080A28C /* CircleMonster.swift in Sources */,
				68DB37891BCE454900A7FB0A /* Door.swift in Sources */,
				68DB37871BCD045E00A7FB0A /* MoveMap.swift in Sources */,
				68A065AF1BCCE84C0080A28C /* Monster.swift in Sources */,
				689214571BDA4B1C00D1CE02 /* PlayerServiceManager.swift in Sources */,
				683AF6E11BCC14E600DBCCBC /* GameScene.swift in Sources */,
				683AF6E31BCC14E600DBCCBC /* GameViewController.swift in Sources */,
				68A0659C1BCCA6F40080A28C /* Map.swift in Sources */,
				689214591BDA4D0100D1CE02 /* MultiplayerPromptViewController.swift in Sources */,
				9A9033FB1BCCE85B00D47C4B /* Hero.swift in Sources */,
				68A065A01BCCAF260080A28C /* Tile.swift in Sources */,
				68B232321BD38EF800DEB4F2 /* SpriteKit-Spring.swift in Sources */,
				683AF6DD1BCC14E600DBCCBC /* AppDelegate.swift in Sources */,
				68A0659E1BCCA79B0080A28C /* Array2D.swift in Sources */,
				68A065AD1BCCB5AA0080A28C /* Extensions.swift in Sources */,
			);
			runOnlyForDeploymentPostprocessing = 0;
		};
		683AF6ED1BCC14E700DBCCBC /* Sources */ = {
			isa = PBXSourcesBuildPhase;
			buildActionMask = 2147483647;
			files = (
				683AF6F61BCC14E700DBCCBC /* BlockThingTests.swift in Sources */,
			);
			runOnlyForDeploymentPostprocessing = 0;
		};
		683AF6F81BCC14E700DBCCBC /* Sources */ = {
			isa = PBXSourcesBuildPhase;
			buildActionMask = 2147483647;
			files = (
				683AF7011BCC14E700DBCCBC /* BlockThingUITests.swift in Sources */,
			);
			runOnlyForDeploymentPostprocessing = 0;
		};
/* End PBXSourcesBuildPhase section */

/* Begin PBXTargetDependency section */
		683AF6F31BCC14E700DBCCBC /* PBXTargetDependency */ = {
			isa = PBXTargetDependency;
			target = 683AF6D81BCC14E600DBCCBC /* Esqace */;
			targetProxy = 683AF6F21BCC14E700DBCCBC /* PBXContainerItemProxy */;
		};
		683AF6FE1BCC14E700DBCCBC /* PBXTargetDependency */ = {
			isa = PBXTargetDependency;
			target = 683AF6D81BCC14E600DBCCBC /* Esqace */;
			targetProxy = 683AF6FD1BCC14E700DBCCBC /* PBXContainerItemProxy */;
		};
/* End PBXTargetDependency section */

/* Begin PBXVariantGroup section */
		683AF6E41BCC14E600DBCCBC /* Main.storyboard */ = {
			isa = PBXVariantGroup;
			children = (
				683AF6E51BCC14E600DBCCBC /* Base */,
			);
			name = Main.storyboard;
			sourceTree = "<group>";
		};
		683AF6E91BCC14E700DBCCBC /* LaunchScreen.storyboard */ = {
			isa = PBXVariantGroup;
			children = (
				683AF6EA1BCC14E700DBCCBC /* Base */,
			);
			name = LaunchScreen.storyboard;
			sourceTree = "<group>";
		};
/* End PBXVariantGroup section */

/* Begin XCBuildConfiguration section */
		683AF7031BCC14E700DBCCBC /* Debug */ = {
			isa = XCBuildConfiguration;
			buildSettings = {
				ALWAYS_SEARCH_USER_PATHS = NO;
				CLANG_CXX_LANGUAGE_STANDARD = "gnu++0x";
				CLANG_CXX_LIBRARY = "libc++";
				CLANG_ENABLE_MODULES = YES;
				CLANG_ENABLE_OBJC_ARC = YES;
				CLANG_WARN_BOOL_CONVERSION = YES;
				CLANG_WARN_CONSTANT_CONVERSION = YES;
				CLANG_WARN_DIRECT_OBJC_ISA_USAGE = YES_ERROR;
				CLANG_WARN_EMPTY_BODY = YES;
				CLANG_WARN_ENUM_CONVERSION = YES;
				CLANG_WARN_INT_CONVERSION = YES;
				CLANG_WARN_OBJC_ROOT_CLASS = YES_ERROR;
				CLANG_WARN_UNREACHABLE_CODE = YES;
				CLANG_WARN__DUPLICATE_METHOD_MATCH = YES;
				"CODE_SIGN_IDENTITY[sdk=iphoneos*]" = "iPhone Developer";
				COPY_PHASE_STRIP = NO;
				DEBUG_INFORMATION_FORMAT = "dwarf-with-dsym";
				ENABLE_STRICT_OBJC_MSGSEND = YES;
				ENABLE_TESTABILITY = YES;
				GCC_C_LANGUAGE_STANDARD = gnu99;
				GCC_DYNAMIC_NO_PIC = NO;
				GCC_NO_COMMON_BLOCKS = YES;
				GCC_OPTIMIZATION_LEVEL = 0;
				GCC_PREPROCESSOR_DEFINITIONS = (
					"DEBUG=1",
					"$(inherited)",
				);
				GCC_WARN_64_TO_32_BIT_CONVERSION = YES;
				GCC_WARN_ABOUT_RETURN_TYPE = YES_ERROR;
				GCC_WARN_UNDECLARED_SELECTOR = YES;
				GCC_WARN_UNINITIALIZED_AUTOS = YES_AGGRESSIVE;
				GCC_WARN_UNUSED_FUNCTION = YES;
				GCC_WARN_UNUSED_VARIABLE = YES;
				IPHONEOS_DEPLOYMENT_TARGET = 9.0;
				MTL_ENABLE_DEBUG_INFO = YES;
				ONLY_ACTIVE_ARCH = YES;
				SDKROOT = iphoneos;
				SWIFT_OPTIMIZATION_LEVEL = "-Onone";
				TARGETED_DEVICE_FAMILY = "1,2";
			};
			name = Debug;
		};
		683AF7041BCC14E700DBCCBC /* Release */ = {
			isa = XCBuildConfiguration;
			buildSettings = {
				ALWAYS_SEARCH_USER_PATHS = NO;
				CLANG_CXX_LANGUAGE_STANDARD = "gnu++0x";
				CLANG_CXX_LIBRARY = "libc++";
				CLANG_ENABLE_MODULES = YES;
				CLANG_ENABLE_OBJC_ARC = YES;
				CLANG_WARN_BOOL_CONVERSION = YES;
				CLANG_WARN_CONSTANT_CONVERSION = YES;
				CLANG_WARN_DIRECT_OBJC_ISA_USAGE = YES_ERROR;
				CLANG_WARN_EMPTY_BODY = YES;
				CLANG_WARN_ENUM_CONVERSION = YES;
				CLANG_WARN_INT_CONVERSION = YES;
				CLANG_WARN_OBJC_ROOT_CLASS = YES_ERROR;
				CLANG_WARN_UNREACHABLE_CODE = YES;
				CLANG_WARN__DUPLICATE_METHOD_MATCH = YES;
				"CODE_SIGN_IDENTITY[sdk=iphoneos*]" = "iPhone Developer";
				COPY_PHASE_STRIP = NO;
				DEBUG_INFORMATION_FORMAT = "dwarf-with-dsym";
				ENABLE_NS_ASSERTIONS = NO;
				ENABLE_STRICT_OBJC_MSGSEND = YES;
				GCC_C_LANGUAGE_STANDARD = gnu99;
				GCC_NO_COMMON_BLOCKS = YES;
				GCC_WARN_64_TO_32_BIT_CONVERSION = YES;
				GCC_WARN_ABOUT_RETURN_TYPE = YES_ERROR;
				GCC_WARN_UNDECLARED_SELECTOR = YES;
				GCC_WARN_UNINITIALIZED_AUTOS = YES_AGGRESSIVE;
				GCC_WARN_UNUSED_FUNCTION = YES;
				GCC_WARN_UNUSED_VARIABLE = YES;
				IPHONEOS_DEPLOYMENT_TARGET = 9.0;
				MTL_ENABLE_DEBUG_INFO = NO;
				SDKROOT = iphoneos;
				TARGETED_DEVICE_FAMILY = "1,2";
				VALIDATE_PRODUCT = YES;
			};
			name = Release;
		};
		683AF7061BCC14E700DBCCBC /* Debug */ = {
			isa = XCBuildConfiguration;
			buildSettings = {
				ASSETCATALOG_COMPILER_APPICON_NAME = AppIcon;
				INFOPLIST_FILE = BlockThing/Info.plist;
				IPHONEOS_DEPLOYMENT_TARGET = 8.0;
				LD_RUNPATH_SEARCH_PATHS = "$(inherited) @executable_path/Frameworks";
				PRODUCT_BUNDLE_IDENTIFIER = com.confusians.BlockThing;
				PRODUCT_NAME = "$(TARGET_NAME)";
			};
			name = Debug;
		};
		683AF7071BCC14E700DBCCBC /* Release */ = {
			isa = XCBuildConfiguration;
			buildSettings = {
				ASSETCATALOG_COMPILER_APPICON_NAME = AppIcon;
				INFOPLIST_FILE = BlockThing/Info.plist;
				IPHONEOS_DEPLOYMENT_TARGET = 8.0;
				LD_RUNPATH_SEARCH_PATHS = "$(inherited) @executable_path/Frameworks";
				PRODUCT_BUNDLE_IDENTIFIER = com.confusians.BlockThing;
				PRODUCT_NAME = "$(TARGET_NAME)";
			};
			name = Release;
		};
		683AF7091BCC14E700DBCCBC /* Debug */ = {
			isa = XCBuildConfiguration;
			buildSettings = {
				BUNDLE_LOADER = "$(TEST_HOST)";
				DEBUG_INFORMATION_FORMAT = dwarf;
				INFOPLIST_FILE = BlockThingTests/Info.plist;
				LD_RUNPATH_SEARCH_PATHS = "$(inherited) @executable_path/Frameworks @loader_path/Frameworks";
				PRODUCT_BUNDLE_IDENTIFIER = "com.-confusians.BlockThingTests";
				PRODUCT_NAME = "$(TARGET_NAME)";
				TEST_HOST = "$(BUILT_PRODUCTS_DIR)/BlockThing.app/BlockThing";
			};
			name = Debug;
		};
		683AF70A1BCC14E700DBCCBC /* Release */ = {
			isa = XCBuildConfiguration;
			buildSettings = {
				BUNDLE_LOADER = "$(TEST_HOST)";
				INFOPLIST_FILE = BlockThingTests/Info.plist;
				LD_RUNPATH_SEARCH_PATHS = "$(inherited) @executable_path/Frameworks @loader_path/Frameworks";
				PRODUCT_BUNDLE_IDENTIFIER = "com.-confusians.BlockThingTests";
				PRODUCT_NAME = "$(TARGET_NAME)";
				TEST_HOST = "$(BUILT_PRODUCTS_DIR)/BlockThing.app/BlockThing";
			};
			name = Release;
		};
		683AF70C1BCC14E700DBCCBC /* Debug */ = {
			isa = XCBuildConfiguration;
			buildSettings = {
				DEBUG_INFORMATION_FORMAT = dwarf;
				INFOPLIST_FILE = BlockThingUITests/Info.plist;
				LD_RUNPATH_SEARCH_PATHS = "$(inherited) @executable_path/Frameworks @loader_path/Frameworks";
				PRODUCT_BUNDLE_IDENTIFIER = "com.-confusians.BlockThingUITests";
				PRODUCT_NAME = "$(TARGET_NAME)";
				TEST_TARGET_NAME = BlockThing;
				USES_XCTRUNNER = YES;
			};
			name = Debug;
		};
		683AF70D1BCC14E700DBCCBC /* Release */ = {
			isa = XCBuildConfiguration;
			buildSettings = {
				INFOPLIST_FILE = BlockThingUITests/Info.plist;
				LD_RUNPATH_SEARCH_PATHS = "$(inherited) @executable_path/Frameworks @loader_path/Frameworks";
				PRODUCT_BUNDLE_IDENTIFIER = "com.-confusians.BlockThingUITests";
				PRODUCT_NAME = "$(TARGET_NAME)";
				TEST_TARGET_NAME = BlockThing;
				USES_XCTRUNNER = YES;
			};
			name = Release;
		};
/* End XCBuildConfiguration section */

/* Begin XCConfigurationList section */
		683AF6D41BCC14E600DBCCBC /* Build configuration list for PBXProject "BlockThing" */ = {
			isa = XCConfigurationList;
			buildConfigurations = (
				683AF7031BCC14E700DBCCBC /* Debug */,
				683AF7041BCC14E700DBCCBC /* Release */,
			);
			defaultConfigurationIsVisible = 0;
			defaultConfigurationName = Release;
		};
		683AF7051BCC14E700DBCCBC /* Build configuration list for PBXNativeTarget "Esqace" */ = {
			isa = XCConfigurationList;
			buildConfigurations = (
				683AF7061BCC14E700DBCCBC /* Debug */,
				683AF7071BCC14E700DBCCBC /* Release */,
			);
			defaultConfigurationIsVisible = 0;
			defaultConfigurationName = Release;
		};
		683AF7081BCC14E700DBCCBC /* Build configuration list for PBXNativeTarget "BlockThingTests" */ = {
			isa = XCConfigurationList;
			buildConfigurations = (
				683AF7091BCC14E700DBCCBC /* Debug */,
				683AF70A1BCC14E700DBCCBC /* Release */,
			);
			defaultConfigurationIsVisible = 0;
			defaultConfigurationName = Release;
		};
		683AF70B1BCC14E700DBCCBC /* Build configuration list for PBXNativeTarget "BlockThingUITests" */ = {
			isa = XCConfigurationList;
			buildConfigurations = (
				683AF70C1BCC14E700DBCCBC /* Debug */,
				683AF70D1BCC14E700DBCCBC /* Release */,
			);
			defaultConfigurationIsVisible = 0;
			defaultConfigurationName = Release;
		};
/* End XCConfigurationList section */
	};
	rootObject = 683AF6D11BCC14E600DBCCBC /* Project object */;
}
